
Microsoft Visual Studio Solution File, Format Version 12.00
# Visual Studio Version 17
VisualStudioVersion = 17.2.32519.379
MinimumVisualStudioVersion = 10.0.40219.1
Project("{FAE04EC0-301F-11D3-BF4B-00C04F79EFBC}") = "tp-web-api", "tp-web-api\tp-web-api.csproj", "{EBA29C96-58AB-4094-B00A-26EF1F2C7816}"
EndProject
Global
	GlobalSection(SolutionConfigurationPlatforms) = preSolution
		Debug|Any CPU = Debug|Any CPU
		Release|Any CPU = Release|Any CPU
	EndGlobalSection
	GlobalSection(ProjectConfigurationPlatforms) = postSolution
		{EBA29C96-58AB-4094-B00A-26EF1F2C7816}.Debug|Any CPU.ActiveCfg = Debug|Any CPU
		{EBA29C96-58AB-4094-B00A-26EF1F2C7816}.Debug|Any CPU.Build.0 = Debug|Any CPU
		{EBA29C96-58AB-4094-B00A-26EF1F2C7816}.Release|Any CPU.ActiveCfg = Release|Any CPU
		{EBA29C96-58AB-4094-B00A-26EF1F2C7816}.Release|Any CPU.Build.0 = Release|Any CPU
	EndGlobalSection
	GlobalSection(SolutionProperties) = preSolution
		HideSolutionNode = FALSE
	EndGlobalSection
	GlobalSection(ExtensibilityGlobals) = postSolution
		SolutionGuid = {681C907F-539A-4F46-A234-E39C858EDE61}
	EndGlobalSection
EndGlobal
